// !$*UTF8*$!
{
	archiveVersion = 1;
	classes = {
	};
	objectVersion = 50;
	objects = {

/* Begin PBXBuildFile section */
		7E63E5EB20E2826F0014EB94 /* AppDelegate.swift in Sources */ = {isa = PBXBuildFile; fileRef = 7E63E5EA20E2826F0014EB94 /* AppDelegate.swift */; };
		7E63E5ED20E2826F0014EB94 /* ViewController.swift in Sources */ = {isa = PBXBuildFile; fileRef = 7E63E5EC20E2826F0014EB94 /* ViewController.swift */; };
		7E63E5F020E2826F0014EB94 /* Main.storyboard in Resources */ = {isa = PBXBuildFile; fileRef = 7E63E5EE20E2826F0014EB94 /* Main.storyboard */; };
		7E63E5F220E282700014EB94 /* Assets.xcassets in Resources */ = {isa = PBXBuildFile; fileRef = 7E63E5F120E282700014EB94 /* Assets.xcassets */; };
		7E63E5F520E282700014EB94 /* LaunchScreen.storyboard in Resources */ = {isa = PBXBuildFile; fileRef = 7E63E5F320E282700014EB94 /* LaunchScreen.storyboard */; };
		7E63E60020E282700014EB94 /* SMSwithPodsTests.swift in Sources */ = {isa = PBXBuildFile; fileRef = 7E63E5FF20E282700014EB94 /* SMSwithPodsTests.swift */; };
		7E63E60B20E282700014EB94 /* SMSwithPodsUITests.swift in Sources */ = {isa = PBXBuildFile; fileRef = 7E63E60A20E282700014EB94 /* SMSwithPodsUITests.swift */; };
/* End PBXBuildFile section */

/* Begin PBXContainerItemProxy section */
		7E63E5FC20E282700014EB94 /* PBXContainerItemProxy */ = {
			isa = PBXContainerItemProxy;
			containerPortal = 7E63E5DF20E2826F0014EB94 /* Project object */;
			proxyType = 1;
			remoteGlobalIDString = 7E63E5E620E2826F0014EB94;
			remoteInfo = SMSwithPods;
		};
		7E63E60720E282700014EB94 /* PBXContainerItemProxy */ = {
			isa = PBXContainerItemProxy;
			containerPortal = 7E63E5DF20E2826F0014EB94 /* Project object */;
			proxyType = 1;
			remoteGlobalIDString = 7E63E5E620E2826F0014EB94;
			remoteInfo = SMSwithPods;
		};
/* End PBXContainerItemProxy section */

/* Begin PBXFileReference section */
		7E63E5E720E2826F0014EB94 /* SMSwithPods.app */ = {isa = PBXFileReference; explicitFileType = wrapper.application; includeInIndex = 0; path = SMSwithPods.app; sourceTree = BUILT_PRODUCTS_DIR; };
		7E63E5EA20E2826F0014EB94 /* AppDelegate.swift */ = {isa = PBXFileReference; lastKnownFileType = sourcecode.swift; path = AppDelegate.swift; sourceTree = "<group>"; };
		7E63E5EC20E2826F0014EB94 /* ViewController.swift */ = {isa = PBXFileReference; lastKnownFileType = sourcecode.swift; path = ViewController.swift; sourceTree = "<group>"; };
		7E63E5EF20E2826F0014EB94 /* Base */ = {isa = PBXFileReference; lastKnownFileType = file.storyboard; name = Base; path = Base.lproj/Main.storyboard; sourceTree = "<group>"; };
		7E63E5F120E282700014EB94 /* Assets.xcassets */ = {isa = PBXFileReference; lastKnownFileType = folder.assetcatalog; path = Assets.xcassets; sourceTree = "<group>"; };
		7E63E5F420E282700014EB94 /* Base */ = {isa = PBXFileReference; lastKnownFileType = file.storyboard; name = Base; path = Base.lproj/LaunchScreen.storyboard; sourceTree = "<group>"; };
		7E63E5F620E282700014EB94 /* Info.plist */ = {isa = PBXFileReference; lastKnownFileType = text.plist.xml; path = Info.plist; sourceTree = "<group>"; };
		7E63E5FB20E282700014EB94 /* SMSwithPodsTests.xctest */ = {isa = PBXFileReference; explicitFileType = wrapper.cfbundle; includeInIndex = 0; path = SMSwithPodsTests.xctest; sourceTree = BUILT_PRODUCTS_DIR; };
		7E63E5FF20E282700014EB94 /* SMSwithPodsTests.swift */ = {isa = PBXFileReference; lastKnownFileType = sourcecode.swift; path = SMSwithPodsTests.swift; sourceTree = "<group>"; };
		7E63E60120E282700014EB94 /* Info.plist */ = {isa = PBXFileReference; lastKnownFileType = text.plist.xml; path = Info.plist; sourceTree = "<group>"; };
		7E63E60620E282700014EB94 /* SMSwithPodsUITests.xctest */ = {isa = PBXFileReference; explicitFileType = wrapper.cfbundle; includeInIndex = 0; path = SMSwithPodsUITests.xctest; sourceTree = BUILT_PRODUCTS_DIR; };
		7E63E60A20E282700014EB94 /* SMSwithPodsUITests.swift */ = {isa = PBXFileReference; lastKnownFileType = sourcecode.swift; path = SMSwithPodsUITests.swift; sourceTree = "<group>"; };
		7E63E60C20E282700014EB94 /* Info.plist */ = {isa = PBXFileReference; lastKnownFileType = text.plist.xml; path = Info.plist; sourceTree = "<group>"; };
/* End PBXFileReference section */

/* Begin PBXFrameworksBuildPhase section */
		7E63E5E420E2826F0014EB94 /* Frameworks */ = {
			isa = PBXFrameworksBuildPhase;
			buildActionMask = 2147483647;
			files = (
			);
			runOnlyForDeploymentPostprocessing = 0;
		};
		7E63E5F820E282700014EB94 /* Frameworks */ = {
			isa = PBXFrameworksBuildPhase;
			buildActionMask = 2147483647;
			files = (
			);
			runOnlyForDeploymentPostprocessing = 0;
		};
		7E63E60320E282700014EB94 /* Frameworks */ = {
			isa = PBXFrameworksBuildPhase;
			buildActionMask = 2147483647;
			files = (
			);
			runOnlyForDeploymentPostprocessing = 0;
		};
/* End PBXFrameworksBuildPhase section */

/* Begin PBXGroup section */
		7E63E5DE20E2826F0014EB94 = {
			isa = PBXGroup;
			children = (
				7E63E5E920E2826F0014EB94 /* SMSwithPods */,
				7E63E5FE20E282700014EB94 /* SMSwithPodsTests */,
				7E63E60920E282700014EB94 /* SMSwithPodsUITests */,
				7E63E5E820E2826F0014EB94 /* Products */,
			);
			sourceTree = "<group>";
		};
		7E63E5E820E2826F0014EB94 /* Products */ = {
			isa = PBXGroup;
			children = (
				7E63E5E720E2826F0014EB94 /* SMSwithPods.app */,
				7E63E5FB20E282700014EB94 /* SMSwithPodsTests.xctest */,
				7E63E60620E282700014EB94 /* SMSwithPodsUITests.xctest */,
			);
			name = Products;
			sourceTree = "<group>";
		};
		7E63E5E920E2826F0014EB94 /* SMSwithPods */ = {
			isa = PBXGroup;
			children = (
				7E63E5EA20E2826F0014EB94 /* AppDelegate.swift */,
				7E63E5EC20E2826F0014EB94 /* ViewController.swift */,
				7E63E5EE20E2826F0014EB94 /* Main.storyboard */,
				7E63E5F120E282700014EB94 /* Assets.xcassets */,
				7E63E5F320E282700014EB94 /* LaunchScreen.storyboard */,
				7E63E5F620E282700014EB94 /* Info.plist */,
			);
			path = SMSwithPods;
			sourceTree = "<group>";
		};
		7E63E5FE20E282700014EB94 /* SMSwithPodsTests */ = {
			isa = PBXGroup;
			children = (
				7E63E5FF20E282700014EB94 /* SMSwithPodsTests.swift */,
				7E63E60120E282700014EB94 /* Info.plist */,
			);
			path = SMSwithPodsTests;
			sourceTree = "<group>";
		};
		7E63E60920E282700014EB94 /* SMSwithPodsUITests */ = {
			isa = PBXGroup;
			children = (
				7E63E60A20E282700014EB94 /* SMSwithPodsUITests.swift */,
				7E63E60C20E282700014EB94 /* Info.plist */,
			);
			path = SMSwithPodsUITests;
			sourceTree = "<group>";
		};
/* End PBXGroup section */

/* Begin PBXNativeTarget section */
		7E63E5E620E2826F0014EB94 /* SMSwithPods */ = {
			isa = PBXNativeTarget;
			buildConfigurationList = 7E63E60F20E282700014EB94 /* Build configuration list for PBXNativeTarget "SMSwithPods" */;
			buildPhases = (
				7E63E5E320E2826F0014EB94 /* Sources */,
				7E63E5E420E2826F0014EB94 /* Frameworks */,
				7E63E5E520E2826F0014EB94 /* Resources */,
			);
			buildRules = (
			);
			dependencies = (
			);
			name = SMSwithPods;
			productName = SMSwithPods;
			productReference = 7E63E5E720E2826F0014EB94 /* SMSwithPods.app */;
			productType = "com.apple.product-type.application";
		};
		7E63E5FA20E282700014EB94 /* SMSwithPodsTests */ = {
			isa = PBXNativeTarget;
			buildConfigurationList = 7E63E61220E282700014EB94 /* Build configuration list for PBXNativeTarget "SMSwithPodsTests" */;
			buildPhases = (
				7E63E5F720E282700014EB94 /* Sources */,
				7E63E5F820E282700014EB94 /* Frameworks */,
				7E63E5F920E282700014EB94 /* Resources */,
			);
			buildRules = (
			);
			dependencies = (
				7E63E5FD20E282700014EB94 /* PBXTargetDependency */,
			);
			name = SMSwithPodsTests;
			productName = SMSwithPodsTests;
			productReference = 7E63E5FB20E282700014EB94 /* SMSwithPodsTests.xctest */;
			productType = "com.apple.product-type.bundle.unit-test";
		};
		7E63E60520E282700014EB94 /* SMSwithPodsUITests */ = {
			isa = PBXNativeTarget;
			buildConfigurationList = 7E63E61520E282700014EB94 /* Build configuration list for PBXNativeTarget "SMSwithPodsUITests" */;
			buildPhases = (
				7E63E60220E282700014EB94 /* Sources */,
				7E63E60320E282700014EB94 /* Frameworks */,
				7E63E60420E282700014EB94 /* Resources */,
			);
			buildRules = (
			);
			dependencies = (
				7E63E60820E282700014EB94 /* PBXTargetDependency */,
			);
			name = SMSwithPodsUITests;
			productName = SMSwithPodsUITests;
			productReference = 7E63E60620E282700014EB94 /* SMSwithPodsUITests.xctest */;
			productType = "com.apple.product-type.bundle.ui-testing";
		};
/* End PBXNativeTarget section */

/* Begin PBXProject section */
		7E63E5DF20E2826F0014EB94 /* Project object */ = {
			isa = PBXProject;
			attributes = {
				LastSwiftUpdateCheck = 0940;
				LastUpgradeCheck = 0940;
				ORGANIZATIONNAME = "Muzzi Aldean";
				TargetAttributes = {
					7E63E5E620E2826F0014EB94 = {
						CreatedOnToolsVersion = 9.4.1;
					};
					7E63E5FA20E282700014EB94 = {
						CreatedOnToolsVersion = 9.4.1;
						TestTargetID = 7E63E5E620E2826F0014EB94;
					};
					7E63E60520E282700014EB94 = {
						CreatedOnToolsVersion = 9.4.1;
						TestTargetID = 7E63E5E620E2826F0014EB94;
					};
				};
			};
			buildConfigurationList = 7E63E5E220E2826F0014EB94 /* Build configuration list for PBXProject "SMSwithPods" */;
			compatibilityVersion = "Xcode 9.3";
			developmentRegion = en;
			hasScannedForEncodings = 0;
			knownRegions = (
				en,
				Base,
			);
			mainGroup = 7E63E5DE20E2826F0014EB94;
			productRefGroup = 7E63E5E820E2826F0014EB94 /* Products */;
			projectDirPath = "";
			projectRoot = "";
			targets = (
				7E63E5E620E2826F0014EB94 /* SMSwithPods */,
				7E63E5FA20E282700014EB94 /* SMSwithPodsTests */,
				7E63E60520E282700014EB94 /* SMSwithPodsUITests */,
			);
		};
/* End PBXProject section */

/* Begin PBXResourcesBuildPhase section */
		7E63E5E520E2826F0014EB94 /* Resources */ = {
			isa = PBXResourcesBuildPhase;
			buildActionMask = 2147483647;
			files = (
				7E63E5F520E282700014EB94 /* LaunchScreen.storyboard in Resources */,
				7E63E5F220E282700014EB94 /* Assets.xcassets in Resources */,
				7E63E5F020E2826F0014EB94 /* Main.storyboard in Resources */,
			);
			runOnlyForDeploymentPostprocessing = 0;
		};
		7E63E5F920E282700014EB94 /* Resources */ = {
			isa = PBXResourcesBuildPhase;
			buildActionMask = 2147483647;
			files = (
			);
			runOnlyForDeploymentPostprocessing = 0;
		};
		7E63E60420E282700014EB94 /* Resources */ = {
			isa = PBXResourcesBuildPhase;
			buildActionMask = 2147483647;
			files = (
			);
			runOnlyForDeploymentPostprocessing = 0;
		};
/* End PBXResourcesBuildPhase section */

/* Begin PBXSourcesBuildPhase section */
		7E63E5E320E2826F0014EB94 /* Sources */ = {
			isa = PBXSourcesBuildPhase;
			buildActionMask = 2147483647;
			files = (
				7E63E5ED20E2826F0014EB94 /* ViewController.swift in Sources */,
				7E63E5EB20E2826F0014EB94 /* AppDelegate.swift in Sources */,
			);
			runOnlyForDeploymentPostprocessing = 0;
		};
		7E63E5F720E282700014EB94 /* Sources */ = {
			isa = PBXSourcesBuildPhase;
			buildActionMask = 2147483647;
			files = (
				7E63E60020E282700014EB94 /* SMSwithPodsTests.swift in Sources */,
			);
			runOnlyForDeploymentPostprocessing = 0;
		};
		7E63E60220E282700014EB94 /* Sources */ = {
			isa = PBXSourcesBuildPhase;
			buildActionMask = 2147483647;
			files = (
				7E63E60B20E282700014EB94 /* SMSwithPodsUITests.swift in Sources */,
			);
			runOnlyForDeploymentPostprocessing = 0;
		};
/* End PBXSourcesBuildPhase section */

/* Begin PBXTargetDependency section */
		7E63E5FD20E282700014EB94 /* PBXTargetDependency */ = {
			isa = PBXTargetDependency;
			target = 7E63E5E620E2826F0014EB94 /* SMSwithPods */;
			targetProxy = 7E63E5FC20E282700014EB94 /* PBXContainerItemProxy */;
		};
		7E63E60820E282700014EB94 /* PBXTargetDependency */ = {
			isa = PBXTargetDependency;
			target = 7E63E5E620E2826F0014EB94 /* SMSwithPods */;
			targetProxy = 7E63E60720E282700014EB94 /* PBXContainerItemProxy */;
		};
/* End PBXTargetDependency section */

/* Begin PBXVariantGroup section */
		7E63E5EE20E2826F0014EB94 /* Main.storyboard */ = {
			isa = PBXVariantGroup;
			children = (
				7E63E5EF20E2826F0014EB94 /* Base */,
			);
			name = Main.storyboard;
			sourceTree = "<group>";
		};
		7E63E5F320E282700014EB94 /* LaunchScreen.storyboard */ = {
			isa = PBXVariantGroup;
			children = (
				7E63E5F420E282700014EB94 /* Base */,
			);
			name = LaunchScreen.storyboard;
			sourceTree = "<group>";
		};
/* End PBXVariantGroup section */

/* Begin XCBuildConfiguration section */
		7E63E60D20E282700014EB94 /* Debug */ = {
			isa = XCBuildConfiguration;
			buildSettings = {
				ALWAYS_SEARCH_USER_PATHS = NO;
				CLANG_ANALYZER_NONNULL = YES;
				CLANG_ANALYZER_NUMBER_OBJECT_CONVERSION = YES_AGGRESSIVE;
				CLANG_CXX_LANGUAGE_STANDARD = "gnu++14";
				CLANG_CXX_LIBRARY = "libc++";
				CLANG_ENABLE_MODULES = YES;
				CLANG_ENABLE_OBJC_ARC = YES;
				CLANG_ENABLE_OBJC_WEAK = YES;
				CLANG_WARN_BLOCK_CAPTURE_AUTORELEASING = YES;
				CLANG_WARN_BOOL_CONVERSION = YES;
				CLANG_WARN_COMMA = YES;
				CLANG_WARN_CONSTANT_CONVERSION = YES;
				CLANG_WARN_DEPRECATED_OBJC_IMPLEMENTATIONS = YES;
				CLANG_WARN_DIRECT_OBJC_ISA_USAGE = YES_ERROR;
				CLANG_WARN_DOCUMENTATION_COMMENTS = YES;
				CLANG_WARN_EMPTY_BODY = YES;
				CLANG_WARN_ENUM_CONVERSION = YES;
				CLANG_WARN_INFINITE_RECURSION = YES;
				CLANG_WARN_INT_CONVERSION = YES;
				CLANG_WARN_NON_LITERAL_NULL_CONVERSION = YES;
				CLANG_WARN_OBJC_IMPLICIT_RETAIN_SELF = YES;
				CLANG_WARN_OBJC_LITERAL_CONVERSION = YES;
				CLANG_WARN_OBJC_ROOT_CLASS = YES_ERROR;
				CLANG_WARN_RANGE_LOOP_ANALYSIS = YES;
				CLANG_WARN_STRICT_PROTOTYPES = YES;
				CLANG_WARN_SUSPICIOUS_MOVE = YES;
				CLANG_WARN_UNGUARDED_AVAILABILITY = YES_AGGRESSIVE;
				CLANG_WARN_UNREACHABLE_CODE = YES;
				CLANG_WARN__DUPLICATE_METHOD_MATCH = YES;
				CODE_SIGN_IDENTITY = "iPhone Developer";
				COPY_PHASE_STRIP = NO;
				DEBUG_INFORMATION_FORMAT = dwarf;
				ENABLE_STRICT_OBJC_MSGSEND = YES;
				ENABLE_TESTABILITY = YES;
				GCC_C_LANGUAGE_STANDARD = gnu11;
				GCC_DYNAMIC_NO_PIC = NO;
				GCC_NO_COMMON_BLOCKS = YES;
				GCC_OPTIMIZATION_LEVEL = 0;
				GCC_PREPROCESSOR_DEFINITIONS = (
					"DEBUG=1",
					"$(inherited)",
				);
				GCC_WARN_64_TO_32_BIT_CONVERSION = YES;
				GCC_WARN_ABOUT_RETURN_TYPE = YES_ERROR;
				GCC_WARN_UNDECLARED_SELECTOR = YES;
				GCC_WARN_UNINITIALIZED_AUTOS = YES_AGGRESSIVE;
				GCC_WARN_UNUSED_FUNCTION = YES;
				GCC_WARN_UNUSED_VARIABLE = YES;
				IPHONEOS_DEPLOYMENT_TARGET = 11.4;
				MTL_ENABLE_DEBUG_INFO = YES;
				ONLY_ACTIVE_ARCH = YES;
				SDKROOT = iphoneos;
				SWIFT_ACTIVE_COMPILATION_CONDITIONS = DEBUG;
				SWIFT_OPTIMIZATION_LEVEL = "-Onone";
			};
			name = Debug;
		};
		7E63E60E20E282700014EB94 /* Release */ = {
			isa = XCBuildConfiguration;
			buildSettings = {
				ALWAYS_SEARCH_USER_PATHS = NO;
				CLANG_ANALYZER_NONNULL = YES;
				CLANG_ANALYZER_NUMBER_OBJECT_CONVERSION = YES_AGGRESSIVE;
				CLANG_CXX_LANGUAGE_STANDARD = "gnu++14";
				CLANG_CXX_LIBRARY = "libc++";
				CLANG_ENABLE_MODULES = YES;
				CLANG_ENABLE_OBJC_ARC = YES;
				CLANG_ENABLE_OBJC_WEAK = YES;
				CLANG_WARN_BLOCK_CAPTURE_AUTORELEASING = YES;
				CLANG_WARN_BOOL_CONVERSION = YES;
				CLANG_WARN_COMMA = YES;
				CLANG_WARN_CONSTANT_CONVERSION = YES;
				CLANG_WARN_DEPRECATED_OBJC_IMPLEMENTATIONS = YES;
				CLANG_WARN_DIRECT_OBJC_ISA_USAGE = YES_ERROR;
				CLANG_WARN_DOCUMENTATION_COMMENTS = YES;
				CLANG_WARN_EMPTY_BODY = YES;
				CLANG_WARN_ENUM_CONVERSION = YES;
				CLANG_WARN_INFINITE_RECURSION = YES;
				CLANG_WARN_INT_CONVERSION = YES;
				CLANG_WARN_NON_LITERAL_NULL_CONVERSION = YES;
				CLANG_WARN_OBJC_IMPLICIT_RETAIN_SELF = YES;
				CLANG_WARN_OBJC_LITERAL_CONVERSION = YES;
				CLANG_WARN_OBJC_ROOT_CLASS = YES_ERROR;
				CLANG_WARN_RANGE_LOOP_ANALYSIS = YES;
				CLANG_WARN_STRICT_PROTOTYPES = YES;
				CLANG_WARN_SUSPICIOUS_MOVE = YES;
				CLANG_WARN_UNGUARDED_AVAILABILITY = YES_AGGRESSIVE;
				CLANG_WARN_UNREACHABLE_CODE = YES;
				CLANG_WARN__DUPLICATE_METHOD_MATCH = YES;
				CODE_SIGN_IDENTITY = "iPhone Developer";
				COPY_PHASE_STRIP = NO;
				DEBUG_INFORMATION_FORMAT = "dwarf-with-dsym";
				ENABLE_NS_ASSERTIONS = NO;
				ENABLE_STRICT_OBJC_MSGSEND = YES;
				GCC_C_LANGUAGE_STANDARD = gnu11;
				GCC_NO_COMMON_BLOCKS = YES;
				GCC_WARN_64_TO_32_BIT_CONVERSION = YES;
				GCC_WARN_ABOUT_RETURN_TYPE = YES_ERROR;
				GCC_WARN_UNDECLARED_SELECTOR = YES;
				GCC_WARN_UNINITIALIZED_AUTOS = YES_AGGRESSIVE;
				GCC_WARN_UNUSED_FUNCTION = YES;
				GCC_WARN_UNUSED_VARIABLE = YES;
				IPHONEOS_DEPLOYMENT_TARGET = 11.4;
				MTL_ENABLE_DEBUG_INFO = NO;
				SDKROOT = iphoneos;
				SWIFT_COMPILATION_MODE = wholemodule;
				SWIFT_OPTIMIZATION_LEVEL = "-O";
				VALIDATE_PRODUCT = YES;
			};
			name = Release;
		};
		7E63E61020E282700014EB94 /* Debug */ = {
			isa = XCBuildConfiguration;
			buildSettings = {
				ASSETCATALOG_COMPILER_APPICON_NAME = AppIcon;
				CODE_SIGN_STYLE = Automatic;
				INFOPLIST_FILE = SMSwithPods/Info.plist;
				LD_RUNPATH_SEARCH_PATHS = (
					"$(inherited)",
					"@executable_path/Frameworks",
				);
				PRODUCT_BUNDLE_IDENTIFIER = "Muzzi-Aldean.SMSwithPods";
				PRODUCT_NAME = "$(TARGET_NAME)";
				SWIFT_VERSION = 4.0;
				TARGETED_DEVICE_FAMILY = "1,2";
			};
			name = Debug;
		};
		7E63E61120E282700014EB94 /* Release */ = {
			isa = XCBuildConfiguration;
			buildSettings = {
				ASSETCATALOG_COMPILER_APPICON_NAME = AppIcon;
				CODE_SIGN_STYLE = Automatic;
				INFOPLIST_FILE = SMSwithPods/Info.plist;
				LD_RUNPATH_SEARCH_PATHS = (
					"$(inherited)",
					"@executable_path/Frameworks",
				);
				PRODUCT_BUNDLE_IDENTIFIER = "Muzzi-Aldean.SMSwithPods";
				PRODUCT_NAME = "$(TARGET_NAME)";
				SWIFT_VERSION = 4.0;
				TARGETED_DEVICE_FAMILY = "1,2";
			};
			name = Release;
		};
		7E63E61320E282700014EB94 /* Debug */ = {
			isa = XCBuildConfiguration;
			buildSettings = {
				ALWAYS_EMBED_SWIFT_STANDARD_LIBRARIES = YES;
				BUNDLE_LOADER = "$(TEST_HOST)";
				CODE_SIGN_STYLE = Automatic;
				INFOPLIST_FILE = SMSwithPodsTests/Info.plist;
				LD_RUNPATH_SEARCH_PATHS = (
					"$(inherited)",
					"@executable_path/Frameworks",
					"@loader_path/Frameworks",
				);
				PRODUCT_BUNDLE_IDENTIFIER = "Muzzi-Aldean.SMSwithPodsTests";
				PRODUCT_NAME = "$(TARGET_NAME)";
				SWIFT_VERSION = 4.0;
				TARGETED_DEVICE_FAMILY = "1,2";
				TEST_HOST = "$(BUILT_PRODUCTS_DIR)/SMSwithPods.app/SMSwithPods";
			};
			name = Debug;
		};
		7E63E61420E282700014EB94 /* Release */ = {
			isa = XCBuildConfiguration;
			buildSettings = {
				ALWAYS_EMBED_SWIFT_STANDARD_LIBRARIES = YES;
				BUNDLE_LOADER = "$(TEST_HOST)";
				CODE_SIGN_STYLE = Automatic;
				INFOPLIST_FILE = SMSwithPodsTests/Info.plist;
				LD_RUNPATH_SEARCH_PATHS = (
					"$(inherited)",
					"@executable_path/Frameworks",
					"@loader_path/Frameworks",
				);
				PRODUCT_BUNDLE_IDENTIFIER = "Muzzi-Aldean.SMSwithPodsTests";
				PRODUCT_NAME = "$(TARGET_NAME)";
				SWIFT_VERSION = 4.0;
				TARGETED_DEVICE_FAMILY = "1,2";
				TEST_HOST = "$(BUILT_PRODUCTS_DIR)/SMSwithPods.app/SMSwithPods";
			};
			name = Release;
		};
		7E63E61620E282700014EB94 /* Debug */ = {
			isa = XCBuildConfiguration;
			buildSettings = {
				ALWAYS_EMBED_SWIFT_STANDARD_LIBRARIES = YES;
				CODE_SIGN_STYLE = Automatic;
				INFOPLIST_FILE = SMSwithPodsUITests/Info.plist;
				LD_RUNPATH_SEARCH_PATHS = (
					"$(inherited)",
					"@executable_path/Frameworks",
					"@loader_path/Frameworks",
				);
				PRODUCT_BUNDLE_IDENTIFIER = "Muzzi-Aldean.SMSwithPodsUITests";
				PRODUCT_NAME = "$(TARGET_NAME)";
				SWIFT_VERSION = 4.0;
				TARGETED_DEVICE_FAMILY = "1,2";
				TEST_TARGET_NAME = SMSwithPods;
			};
			name = Debug;
		};
		7E63E61720E282700014EB94 /* Release */ = {
			isa = XCBuildConfiguration;
			buildSettings = {
				ALWAYS_EMBED_SWIFT_STANDARD_LIBRARIES = YES;
				CODE_SIGN_STYLE = Automatic;
				INFOPLIST_FILE = SMSwithPodsUITests/Info.plist;
				LD_RUNPATH_SEARCH_PATHS = (
					"$(inherited)",
					"@executable_path/Frameworks",
					"@loader_path/Frameworks",
				);
				PRODUCT_BUNDLE_IDENTIFIER = "Muzzi-Aldean.SMSwithPodsUITests";
				PRODUCT_NAME = "$(TARGET_NAME)";
				SWIFT_VERSION = 4.0;
				TARGETED_DEVICE_FAMILY = "1,2";
				TEST_TARGET_NAME = SMSwithPods;
			};
			name = Release;
		};
/* End XCBuildConfiguration section */

/* Begin XCConfigurationList section */
		7E63E5E220E2826F0014EB94 /* Build configuration list for PBXProject "SMSwithPods" */ = {
			isa = XCConfigurationList;
			buildConfigurations = (
				7E63E60D20E282700014EB94 /* Debug */,
				7E63E60E20E282700014EB94 /* Release */,
			);
			defaultConfigurationIsVisible = 0;
			defaultConfigurationName = Release;
		};
		7E63E60F20E282700014EB94 /* Build configuration list for PBXNativeTarget "SMSwithPods" */ = {
			isa = XCConfigurationList;
			buildConfigurations = (
				7E63E61020E282700014EB94 /* Debug */,
				7E63E61120E282700014EB94 /* Release */,
			);
			defaultConfigurationIsVisible = 0;
			defaultConfigurationName = Release;
		};
		7E63E61220E282700014EB94 /* Build configuration list for PBXNativeTarget "SMSwithPodsTests" */ = {
			isa = XCConfigurationList;
			buildConfigurations = (
				7E63E61320E282700014EB94 /* Debug */,
				7E63E61420E282700014EB94 /* Release */,
			);
			defaultConfigurationIsVisible = 0;
			defaultConfigurationName = Release;
		};
		7E63E61520E282700014EB94 /* Build configuration list for PBXNativeTarget "SMSwithPodsUITests" */ = {
			isa = XCConfigurationList;
			buildConfigurations = (
				7E63E61620E282700014EB94 /* Debug */,
				7E63E61720E282700014EB94 /* Release */,
			);
			defaultConfigurationIsVisible = 0;
			defaultConfigurationName = Release;
		};
/* End XCConfigurationList section */
	};
	rootObject = 7E63E5DF20E2826F0014EB94 /* Project object */;
}
